// !$*UTF8*$!
{
	archiveVersion = 1;
	classes = {
	};
	objectVersion = 46;
	objects = {

/* Begin PBXBuildFile section */
		79693FE716FDFA6300302DFA /* UIKit.framework in Frameworks */ = {isa = PBXBuildFile; fileRef = 79693FE616FDFA6300302DFA /* UIKit.framework */; };
		79693FE916FDFA6300302DFA /* Foundation.framework in Frameworks */ = {isa = PBXBuildFile; fileRef = 79693FE816FDFA6300302DFA /* Foundation.framework */; };
		79693FEB16FDFA6300302DFA /* CoreGraphics.framework in Frameworks */ = {isa = PBXBuildFile; fileRef = 79693FEA16FDFA6300302DFA /* CoreGraphics.framework */; };
		79693FF116FDFA6300302DFA /* InfoPlist.strings in Resources */ = {isa = PBXBuildFile; fileRef = 79693FEF16FDFA6300302DFA /* InfoPlist.strings */; };
		79693FF316FDFA6300302DFA /* main.m in Sources */ = {isa = PBXBuildFile; fileRef = 79693FF216FDFA6300302DFA /* main.m */; };
		79693FF716FDFA6300302DFA /* AppDelegate.m in Sources */ = {isa = PBXBuildFile; fileRef = 79693FF616FDFA6300302DFA /* AppDelegate.m */; };
		79693FF916FDFA6300302DFA /* Default.png in Resources */ = {isa = PBXBuildFile; fileRef = 79693FF816FDFA6300302DFA /* Default.png */; };
		79693FFB16FDFA6300302DFA /* Default@2x.png in Resources */ = {isa = PBXBuildFile; fileRef = 79693FFA16FDFA6300302DFA /* Default@2x.png */; };
		79693FFD16FDFA6300302DFA /* Default-568h@2x.png in Resources */ = {isa = PBXBuildFile; fileRef = 79693FFC16FDFA6300302DFA /* Default-568h@2x.png */; };
		7969400016FDFA6300302DFA /* MainStoryboard_iPhone.storyboard in Resources */ = {isa = PBXBuildFile; fileRef = 79693FFE16FDFA6300302DFA /* MainStoryboard_iPhone.storyboard */; };
		7969400316FDFA6300302DFA /* MainStoryboard_iPad.storyboard in Resources */ = {isa = PBXBuildFile; fileRef = 7969400116FDFA6300302DFA /* MainStoryboard_iPad.storyboard */; };
		7969400616FDFA6300302DFA /* ViewController.m in Sources */ = {isa = PBXBuildFile; fileRef = 7969400516FDFA6300302DFA /* ViewController.m */; };
		7969400F16FE006200302DFA /* Role.m in Sources */ = {isa = PBXBuildFile; fileRef = 7969400E16FE006200302DFA /* Role.m */; };
		796F61BD1700DBCA0049576F /* MotionViewController.m in Sources */ = {isa = PBXBuildFile; fileRef = 796F61BA1700DBCA0049576F /* MotionViewController.m */; };
		796F61BE1700DBCA0049576F /* MoveViewController.m in Sources */ = {isa = PBXBuildFile; fileRef = 796F61BC1700DBCA0049576F /* MoveViewController.m */; };
		796F61C11700DBE50049576F /* CoreMotion.framework in Frameworks */ = {isa = PBXBuildFile; fileRef = 796F61C01700DBE40049576F /* CoreMotion.framework */; };
		796F61C31700DBE90049576F /* CoreLocation.framework in Frameworks */ = {isa = PBXBuildFile; fileRef = 796F61C21700DBE90049576F /* CoreLocation.framework */; };
		797F65A51703642E00D01C5B /* Http.m in Sources */ = {isa = PBXBuildFile; fileRef = 797F659C1703642E00D01C5B /* Http.m */; };
		797F65A61703642E00D01C5B /* JSONKit.m in Sources */ = {isa = PBXBuildFile; fileRef = 797F659E1703642E00D01C5B /* JSONKit.m */; settings = {COMPILER_FLAGS = "-fno-objc-arc"; }; };
		797F65A71703642E00D01C5B /* OpenWeatherMap.m in Sources */ = {isa = PBXBuildFile; fileRef = 797F65A01703642E00D01C5B /* OpenWeatherMap.m */; };
		797F65A81703642E00D01C5B /* Station.m in Sources */ = {isa = PBXBuildFile; fileRef = 797F65A21703642E00D01C5B /* Station.m */; };
		797F65A91703642E00D01C5B /* Weather.m in Sources */ = {isa = PBXBuildFile; fileRef = 797F65A41703642E00D01C5B /* Weather.m */; };
		797F65AD1703689500D01C5B /* RoleViewController.m in Sources */ = {isa = PBXBuildFile; fileRef = 797F65AC1703689500D01C5B /* RoleViewController.m */; };
		798269231703EB0800A6268E /* BaseItem.m in Sources */ = {isa = PBXBuildFile; fileRef = 798269221703EB0800A6268E /* BaseItem.m */; };
		798269281703EE2B00A6268E /* diet.png in Resources */ = {isa = PBXBuildFile; fileRef = 798269271703EE2B00A6268E /* diet.png */; };
		7982692C1703FBD200A6268E /* WaterItem.m in Sources */ = {isa = PBXBuildFile; fileRef = 7982692B1703FBD200A6268E /* WaterItem.m */; };
		7982694317042A6200A6268E /* RegularItem.m in Sources */ = {isa = PBXBuildFile; fileRef = 7982694217042A6200A6268E /* RegularItem.m */; };
		798269491704364000A6268E /* RoleInfoView.m in Sources */ = {isa = PBXBuildFile; fileRef = 798269481704364000A6268E /* RoleInfoView.m */; };
		7982698B170498B900A6268E /* DrinkItem.m in Sources */ = {isa = PBXBuildFile; fileRef = 7982698A170498B900A6268E /* DrinkItem.m */; };
		7982698F17049AA000A6268E /* FoodItem.m in Sources */ = {isa = PBXBuildFile; fileRef = 7982698E17049AA000A6268E /* FoodItem.m */; };
		7998C08E16FED27600411669 /* HandViewController.m in Sources */ = {isa = PBXBuildFile; fileRef = 7998C08D16FED27600411669 /* HandViewController.m */; };
		79A204A41700136000E3F564 /* NSUserDefaults+MPSecureUserDefaults.m in Sources */ = {isa = PBXBuildFile; fileRef = 79A204A31700136000E3F564 /* NSUserDefaults+MPSecureUserDefaults.m */; settings = {COMPILER_FLAGS = "-fno-objc-arc"; }; };
		79A204CA170047C200E3F564 /* NSObject+PropertyListing.m in Sources */ = {isa = PBXBuildFile; fileRef = 79A204C9170047C200E3F564 /* NSObject+PropertyListing.m */; };
		79A204D017004F1400E3F564 /* Defaults.plist in Resources */ = {isa = PBXBuildFile; fileRef = 79A204CF17004F1400E3F564 /* Defaults.plist */; };
		79A204E417006C2900E3F564 /* ShakeViewController.m in Sources */ = {isa = PBXBuildFile; fileRef = 79A204E317006C2900E3F564 /* ShakeViewController.m */; };
		79E1BC801701B70100FD8CC1 /* RunViewController.m in Sources */ = {isa = PBXBuildFile; fileRef = 79E1BC7F1701B70100FD8CC1 /* RunViewController.m */; };
		79EDDA4916FF208300DFF0F3 /* module.m in Sources */ = {isa = PBXBuildFile; fileRef = 79EDDA4616FF208300DFF0F3 /* module.m */; };
		79EDDA6316FF45A200DFF0F3 /* DrinkViewController.m in Sources */ = {isa = PBXBuildFile; fileRef = 79EDDA6216FF45A200DFF0F3 /* DrinkViewController.m */; };
/* End PBXBuildFile section */

/* Begin PBXFileReference section */
		79693FE216FDFA6300302DFA /* lifebaby.app */ = {isa = PBXFileReference; explicitFileType = wrapper.application; includeInIndex = 0; path = lifebaby.app; sourceTree = BUILT_PRODUCTS_DIR; };
		79693FE616FDFA6300302DFA /* UIKit.framework */ = {isa = PBXFileReference; lastKnownFileType = wrapper.framework; name = UIKit.framework; path = System/Library/Frameworks/UIKit.framework; sourceTree = SDKROOT; };
		79693FE816FDFA6300302DFA /* Foundation.framework */ = {isa = PBXFileReference; lastKnownFileType = wrapper.framework; name = Foundation.framework; path = System/Library/Frameworks/Foundation.framework; sourceTree = SDKROOT; };
		79693FEA16FDFA6300302DFA /* CoreGraphics.framework */ = {isa = PBXFileReference; lastKnownFileType = wrapper.framework; name = CoreGraphics.framework; path = System/Library/Frameworks/CoreGraphics.framework; sourceTree = SDKROOT; };
		79693FEE16FDFA6300302DFA /* lifebaby-Info.plist */ = {isa = PBXFileReference; lastKnownFileType = text.plist.xml; path = "lifebaby-Info.plist"; sourceTree = "<group>"; };
		79693FF016FDFA6300302DFA /* en */ = {isa = PBXFileReference; lastKnownFileType = text.plist.strings; name = en; path = en.lproj/InfoPlist.strings; sourceTree = "<group>"; };
		79693FF216FDFA6300302DFA /* main.m */ = {isa = PBXFileReference; lastKnownFileType = sourcecode.c.objc; path = main.m; sourceTree = "<group>"; };
		79693FF416FDFA6300302DFA /* lifebaby-Prefix.pch */ = {isa = PBXFileReference; lastKnownFileType = sourcecode.c.h; path = "lifebaby-Prefix.pch"; sourceTree = "<group>"; };
		79693FF516FDFA6300302DFA /* AppDelegate.h */ = {isa = PBXFileReference; lastKnownFileType = sourcecode.c.h; path = AppDelegate.h; sourceTree = "<group>"; };
		79693FF616FDFA6300302DFA /* AppDelegate.m */ = {isa = PBXFileReference; lastKnownFileType = sourcecode.c.objc; path = AppDelegate.m; sourceTree = "<group>"; };
		79693FF816FDFA6300302DFA /* Default.png */ = {isa = PBXFileReference; lastKnownFileType = image.png; path = Default.png; sourceTree = "<group>"; };
		79693FFA16FDFA6300302DFA /* Default@2x.png */ = {isa = PBXFileReference; lastKnownFileType = image.png; path = "Default@2x.png"; sourceTree = "<group>"; };
		79693FFC16FDFA6300302DFA /* Default-568h@2x.png */ = {isa = PBXFileReference; lastKnownFileType = image.png; path = "Default-568h@2x.png"; sourceTree = "<group>"; };
		79693FFF16FDFA6300302DFA /* en */ = {isa = PBXFileReference; lastKnownFileType = file.storyboard; name = en; path = en.lproj/MainStoryboard_iPhone.storyboard; sourceTree = "<group>"; };
		7969400216FDFA6300302DFA /* en */ = {isa = PBXFileReference; lastKnownFileType = file.storyboard; name = en; path = en.lproj/MainStoryboard_iPad.storyboard; sourceTree = "<group>"; };
		7969400416FDFA6300302DFA /* ViewController.h */ = {isa = PBXFileReference; lastKnownFileType = sourcecode.c.h; path = ViewController.h; sourceTree = "<group>"; };
		7969400516FDFA6300302DFA /* ViewController.m */ = {isa = PBXFileReference; lastKnownFileType = sourcecode.c.objc; path = ViewController.m; sourceTree = "<group>"; };
		7969400D16FE006200302DFA /* Role.h */ = {isa = PBXFileReference; fileEncoding = 4; lastKnownFileType = sourcecode.c.h; path = Role.h; sourceTree = "<group>"; };
		7969400E16FE006200302DFA /* Role.m */ = {isa = PBXFileReference; fileEncoding = 4; lastKnownFileType = sourcecode.c.objc; path = Role.m; sourceTree = "<group>"; };
		796F61B91700DBCA0049576F /* MotionViewController.h */ = {isa = PBXFileReference; fileEncoding = 4; lastKnownFileType = sourcecode.c.h; path = MotionViewController.h; sourceTree = "<group>"; };
		796F61BA1700DBCA0049576F /* MotionViewController.m */ = {isa = PBXFileReference; fileEncoding = 4; lastKnownFileType = sourcecode.c.objc; path = MotionViewController.m; sourceTree = "<group>"; };
		796F61BB1700DBCA0049576F /* MoveViewController.h */ = {isa = PBXFileReference; fileEncoding = 4; lastKnownFileType = sourcecode.c.h; path = MoveViewController.h; sourceTree = "<group>"; };
		796F61BC1700DBCA0049576F /* MoveViewController.m */ = {isa = PBXFileReference; fileEncoding = 4; lastKnownFileType = sourcecode.c.objc; path = MoveViewController.m; sourceTree = "<group>"; };
		796F61C01700DBE40049576F /* CoreMotion.framework */ = {isa = PBXFileReference; lastKnownFileType = wrapper.framework; name = CoreMotion.framework; path = System/Library/Frameworks/CoreMotion.framework; sourceTree = SDKROOT; };
		796F61C21700DBE90049576F /* CoreLocation.framework */ = {isa = PBXFileReference; lastKnownFileType = wrapper.framework; name = CoreLocation.framework; path = System/Library/Frameworks/CoreLocation.framework; sourceTree = SDKROOT; };
		797F659B1703642E00D01C5B /* Http.h */ = {isa = PBXFileReference; fileEncoding = 4; lastKnownFileType = sourcecode.c.h; path = Http.h; sourceTree = "<group>"; };
		797F659C1703642E00D01C5B /* Http.m */ = {isa = PBXFileReference; fileEncoding = 4; lastKnownFileType = sourcecode.c.objc; path = Http.m; sourceTree = "<group>"; };
		797F659D1703642E00D01C5B /* JSONKit.h */ = {isa = PBXFileReference; fileEncoding = 4; lastKnownFileType = sourcecode.c.h; path = JSONKit.h; sourceTree = "<group>"; };
		797F659E1703642E00D01C5B /* JSONKit.m */ = {isa = PBXFileReference; fileEncoding = 4; lastKnownFileType = sourcecode.c.objc; path = JSONKit.m; sourceTree = "<group>"; };
		797F659F1703642E00D01C5B /* OpenWeatherMap.h */ = {isa = PBXFileReference; fileEncoding = 4; lastKnownFileType = sourcecode.c.h; path = OpenWeatherMap.h; sourceTree = "<group>"; };
		797F65A01703642E00D01C5B /* OpenWeatherMap.m */ = {isa = PBXFileReference; fileEncoding = 4; lastKnownFileType = sourcecode.c.objc; path = OpenWeatherMap.m; sourceTree = "<group>"; };
		797F65A11703642E00D01C5B /* Station.h */ = {isa = PBXFileReference; fileEncoding = 4; lastKnownFileType = sourcecode.c.h; path = Station.h; sourceTree = "<group>"; };
		797F65A21703642E00D01C5B /* Station.m */ = {isa = PBXFileReference; fileEncoding = 4; lastKnownFileType = sourcecode.c.objc; path = Station.m; sourceTree = "<group>"; };
		797F65A31703642E00D01C5B /* Weather.h */ = {isa = PBXFileReference; fileEncoding = 4; lastKnownFileType = sourcecode.c.h; path = Weather.h; sourceTree = "<group>"; };
		797F65A41703642E00D01C5B /* Weather.m */ = {isa = PBXFileReference; fileEncoding = 4; lastKnownFileType = sourcecode.c.objc; path = Weather.m; sourceTree = "<group>"; };
		797F65AB1703689500D01C5B /* RoleViewController.h */ = {isa = PBXFileReference; fileEncoding = 4; lastKnownFileType = sourcecode.c.h; path = RoleViewController.h; sourceTree = "<group>"; };
		797F65AC1703689500D01C5B /* RoleViewController.m */ = {isa = PBXFileReference; fileEncoding = 4; lastKnownFileType = sourcecode.c.objc; path = RoleViewController.m; sourceTree = "<group>"; };
		798269211703EB0800A6268E /* BaseItem.h */ = {isa = PBXFileReference; fileEncoding = 4; lastKnownFileType = sourcecode.c.h; path = BaseItem.h; sourceTree = "<group>"; };
		798269221703EB0800A6268E /* BaseItem.m */ = {isa = PBXFileReference; fileEncoding = 4; lastKnownFileType = sourcecode.c.objc; path = BaseItem.m; sourceTree = "<group>"; };
		798269271703EE2B00A6268E /* diet.png */ = {isa = PBXFileReference; lastKnownFileType = image.png; path = diet.png; sourceTree = "<group>"; };
		7982692A1703FBD200A6268E /* WaterItem.h */ = {isa = PBXFileReference; fileEncoding = 4; lastKnownFileType = sourcecode.c.h; path = WaterItem.h; sourceTree = "<group>"; };
		7982692B1703FBD200A6268E /* WaterItem.m */ = {isa = PBXFileReference; fileEncoding = 4; lastKnownFileType = sourcecode.c.objc; path = WaterItem.m; sourceTree = "<group>"; };
		7982694117042A6200A6268E /* RegularItem.h */ = {isa = PBXFileReference; fileEncoding = 4; lastKnownFileType = sourcecode.c.h; path = RegularItem.h; sourceTree = "<group>"; };
		7982694217042A6200A6268E /* RegularItem.m */ = {isa = PBXFileReference; fileEncoding = 4; lastKnownFileType = sourcecode.c.objc; path = RegularItem.m; sourceTree = "<group>"; };
		798269471704364000A6268E /* RoleInfoView.h */ = {isa = PBXFileReference; fileEncoding = 4; lastKnownFileType = sourcecode.c.h; path = RoleInfoView.h; sourceTree = "<group>"; };
		798269481704364000A6268E /* RoleInfoView.m */ = {isa = PBXFileReference; fileEncoding = 4; lastKnownFileType = sourcecode.c.objc; path = RoleInfoView.m; sourceTree = "<group>"; };
		79826989170498B900A6268E /* DrinkItem.h */ = {isa = PBXFileReference; fileEncoding = 4; lastKnownFileType = sourcecode.c.h; path = DrinkItem.h; sourceTree = "<group>"; };
		7982698A170498B900A6268E /* DrinkItem.m */ = {isa = PBXFileReference; fileEncoding = 4; lastKnownFileType = sourcecode.c.objc; path = DrinkItem.m; sourceTree = "<group>"; };
		7982698D17049AA000A6268E /* FoodItem.h */ = {isa = PBXFileReference; fileEncoding = 4; lastKnownFileType = sourcecode.c.h; path = FoodItem.h; sourceTree = "<group>"; };
		7982698E17049AA000A6268E /* FoodItem.m */ = {isa = PBXFileReference; fileEncoding = 4; lastKnownFileType = sourcecode.c.objc; path = FoodItem.m; sourceTree = "<group>"; };
		7998C08C16FED27600411669 /* HandViewController.h */ = {isa = PBXFileReference; fileEncoding = 4; lastKnownFileType = sourcecode.c.h; path = HandViewController.h; sourceTree = "<group>"; };
		7998C08D16FED27600411669 /* HandViewController.m */ = {isa = PBXFileReference; fileEncoding = 4; lastKnownFileType = sourcecode.c.objc; path = HandViewController.m; sourceTree = "<group>"; };
		79A204A21700136000E3F564 /* NSUserDefaults+MPSecureUserDefaults.h */ = {isa = PBXFileReference; fileEncoding = 4; lastKnownFileType = sourcecode.c.h; path = "NSUserDefaults+MPSecureUserDefaults.h"; sourceTree = "<group>"; };
		79A204A31700136000E3F564 /* NSUserDefaults+MPSecureUserDefaults.m */ = {isa = PBXFileReference; fileEncoding = 4; lastKnownFileType = sourcecode.c.objc; path = "NSUserDefaults+MPSecureUserDefaults.m"; sourceTree = "<group>"; };
		79A204C8170047C200E3F564 /* NSObject+PropertyListing.h */ = {isa = PBXFileReference; fileEncoding = 4; lastKnownFileType = sourcecode.c.h; path = "NSObject+PropertyListing.h"; sourceTree = "<group>"; };
		79A204C9170047C200E3F564 /* NSObject+PropertyListing.m */ = {isa = PBXFileReference; fileEncoding = 4; lastKnownFileType = sourcecode.c.objc; path = "NSObject+PropertyListing.m"; sourceTree = "<group>"; };
		79A204CF17004F1400E3F564 /* Defaults.plist */ = {isa = PBXFileReference; fileEncoding = 4; lastKnownFileType = text.plist.xml; path = Defaults.plist; sourceTree = "<group>"; };
		79A204E217006C2900E3F564 /* ShakeViewController.h */ = {isa = PBXFileReference; fileEncoding = 4; lastKnownFileType = sourcecode.c.h; path = ShakeViewController.h; sourceTree = "<group>"; };
		79A204E317006C2900E3F564 /* ShakeViewController.m */ = {isa = PBXFileReference; fileEncoding = 4; lastKnownFileType = sourcecode.c.objc; path = ShakeViewController.m; sourceTree = "<group>"; };
		79E1BC7E1701B70100FD8CC1 /* RunViewController.h */ = {isa = PBXFileReference; fileEncoding = 4; lastKnownFileType = sourcecode.c.h; path = RunViewController.h; sourceTree = "<group>"; };
		79E1BC7F1701B70100FD8CC1 /* RunViewController.m */ = {isa = PBXFileReference; fileEncoding = 4; lastKnownFileType = sourcecode.c.objc; path = RunViewController.m; sourceTree = "<group>"; };
		79EDDA4416FF208300DFF0F3 /* module-Prefix.pch */ = {isa = PBXFileReference; fileEncoding = 4; lastKnownFileType = sourcecode.c.h; path = "module-Prefix.pch"; sourceTree = "<group>"; };
		79EDDA4516FF208300DFF0F3 /* module.h */ = {isa = PBXFileReference; fileEncoding = 4; lastKnownFileType = sourcecode.c.h; path = module.h; sourceTree = "<group>"; };
		79EDDA4616FF208300DFF0F3 /* module.m */ = {isa = PBXFileReference; fileEncoding = 4; lastKnownFileType = sourcecode.c.objc; path = module.m; sourceTree = "<group>"; };
		79EDDA6116FF45A200DFF0F3 /* DrinkViewController.h */ = {isa = PBXFileReference; fileEncoding = 4; lastKnownFileType = sourcecode.c.h; path = DrinkViewController.h; sourceTree = "<group>"; };
		79EDDA6216FF45A200DFF0F3 /* DrinkViewController.m */ = {isa = PBXFileReference; fileEncoding = 4; lastKnownFileType = sourcecode.c.objc; path = DrinkViewController.m; sourceTree = "<group>"; };
/* End PBXFileReference section */

/* Begin PBXFrameworksBuildPhase section */
		79693FDF16FDFA6300302DFA /* Frameworks */ = {
			isa = PBXFrameworksBuildPhase;
			buildActionMask = 2147483647;
			files = (
				796F61C31700DBE90049576F /* CoreLocation.framework in Frameworks */,
				796F61C11700DBE50049576F /* CoreMotion.framework in Frameworks */,
				79693FE716FDFA6300302DFA /* UIKit.framework in Frameworks */,
				79693FE916FDFA6300302DFA /* Foundation.framework in Frameworks */,
				79693FEB16FDFA6300302DFA /* CoreGraphics.framework in Frameworks */,
			);
			runOnlyForDeploymentPostprocessing = 0;
		};
/* End PBXFrameworksBuildPhase section */

/* Begin PBXGroup section */
		79693FD716FDFA6300302DFA = {
			isa = PBXGroup;
			children = (
				79EDDA4316FF208300DFF0F3 /* module */,
				79693FEC16FDFA6300302DFA /* lifebaby */,
				79693FE516FDFA6300302DFA /* Frameworks */,
				79693FE316FDFA6300302DFA /* Products */,
			);
			sourceTree = "<group>";
		};
		79693FE316FDFA6300302DFA /* Products */ = {
			isa = PBXGroup;
			children = (
				79693FE216FDFA6300302DFA /* lifebaby.app */,
			);
			name = Products;
			sourceTree = "<group>";
		};
		79693FE516FDFA6300302DFA /* Frameworks */ = {
			isa = PBXGroup;
			children = (
				796F61C21700DBE90049576F /* CoreLocation.framework */,
				796F61C01700DBE40049576F /* CoreMotion.framework */,
				79693FE616FDFA6300302DFA /* UIKit.framework */,
				79693FE816FDFA6300302DFA /* Foundation.framework */,
				79693FEA16FDFA6300302DFA /* CoreGraphics.framework */,
			);
			name = Frameworks;
			sourceTree = "<group>";
		};
		79693FEC16FDFA6300302DFA /* lifebaby */ = {
			isa = PBXGroup;
			children = (
				798269461704361F00A6268E /* Views */,
				7998C08B16FED24100411669 /* ViewControllers */,
				7969400C16FE002800302DFA /* Models */,
				798269261703EE2B00A6268E /* Resources */,
				79693FF516FDFA6300302DFA /* AppDelegate.h */,
				79693FF616FDFA6300302DFA /* AppDelegate.m */,
				79693FFE16FDFA6300302DFA /* MainStoryboard_iPhone.storyboard */,
				7969400116FDFA6300302DFA /* MainStoryboard_iPad.storyboard */,
				7969400416FDFA6300302DFA /* ViewController.h */,
				7969400516FDFA6300302DFA /* ViewController.m */,
				79693FED16FDFA6300302DFA /* Supporting Files */,
			);
			path = lifebaby;
			sourceTree = "<group>";
		};
		79693FED16FDFA6300302DFA /* Supporting Files */ = {
			isa = PBXGroup;
			children = (
				79693FEE16FDFA6300302DFA /* lifebaby-Info.plist */,
				79693FEF16FDFA6300302DFA /* InfoPlist.strings */,
				79693FF216FDFA6300302DFA /* main.m */,
				79693FF416FDFA6300302DFA /* lifebaby-Prefix.pch */,
				79693FF816FDFA6300302DFA /* Default.png */,
				79693FFA16FDFA6300302DFA /* Default@2x.png */,
				79693FFC16FDFA6300302DFA /* Default-568h@2x.png */,
				79A204CF17004F1400E3F564 /* Defaults.plist */,
			);
			name = "Supporting Files";
			sourceTree = "<group>";
		};
		7969400C16FE002800302DFA /* Models */ = {
			isa = PBXGroup;
			children = (
				798269251703EB3500A6268E /* Items */,
				7969400D16FE006200302DFA /* Role.h */,
				7969400E16FE006200302DFA /* Role.m */,
			);
			name = Models;
			sourceTree = "<group>";
		};
		798269251703EB3500A6268E /* Items */ = {
			isa = PBXGroup;
			children = (
				7982698C17049A8700A6268E /* FoodItems */,
				798269881704989B00A6268E /* DrinkItems */,
				798269211703EB0800A6268E /* BaseItem.h */,
				798269221703EB0800A6268E /* BaseItem.m */,
				7982694117042A6200A6268E /* RegularItem.h */,
				7982694217042A6200A6268E /* RegularItem.m */,
			);
			name = Items;
			sourceTree = "<group>";
		};
		798269261703EE2B00A6268E /* Resources */ = {
			isa = PBXGroup;
			children = (
				798269271703EE2B00A6268E /* diet.png */,
			);
			path = Resources;
			sourceTree = "<group>";
		};
		798269461704361F00A6268E /* Views */ = {
			isa = PBXGroup;
			children = (
				798269471704364000A6268E /* RoleInfoView.h */,
				798269481704364000A6268E /* RoleInfoView.m */,
			);
			name = Views;
			sourceTree = "<group>";
		};
		798269881704989B00A6268E /* DrinkItems */ = {
			isa = PBXGroup;
			children = (
				7982692A1703FBD200A6268E /* WaterItem.h */,
				7982692B1703FBD200A6268E /* WaterItem.m */,
				79826989170498B900A6268E /* DrinkItem.h */,
				7982698A170498B900A6268E /* DrinkItem.m */,
			);
			name = DrinkItems;
			sourceTree = "<group>";
		};
		7982698C17049A8700A6268E /* FoodItems */ = {
			isa = PBXGroup;
			children = (
				7982698D17049AA000A6268E /* FoodItem.h */,
				7982698E17049AA000A6268E /* FoodItem.m */,
			);
			name = FoodItems;
			sourceTree = "<group>";
		};
		7998C08B16FED24100411669 /* ViewControllers */ = {
			isa = PBXGroup;
			children = (
				79E1BC7C1701B6DE00FD8CC1 /* SportViewControllers */,
				79EDDA6116FF45A200DFF0F3 /* DrinkViewController.h */,
				79EDDA6216FF45A200DFF0F3 /* DrinkViewController.m */,
				797F65AB1703689500D01C5B /* RoleViewController.h */,
				797F65AC1703689500D01C5B /* RoleViewController.m */,
			);
			name = ViewControllers;
			sourceTree = "<group>";
		};
		79E1BC7C1701B6DE00FD8CC1 /* SportViewControllers */ = {
			isa = PBXGroup;
			children = (
				7998C08C16FED27600411669 /* HandViewController.h */,
				7998C08D16FED27600411669 /* HandViewController.m */,
				79E1BC7E1701B70100FD8CC1 /* RunViewController.h */,
				79E1BC7F1701B70100FD8CC1 /* RunViewController.m */,
			);
			name = SportViewControllers;
			sourceTree = "<group>";
		};
		79EDDA4316FF208300DFF0F3 /* module */ = {
			isa = PBXGroup;
			children = (
				797F659B1703642E00D01C5B /* Http.h */,
				797F659C1703642E00D01C5B /* Http.m */,
				797F659D1703642E00D01C5B /* JSONKit.h */,
				797F659E1703642E00D01C5B /* JSONKit.m */,
				797F659F1703642E00D01C5B /* OpenWeatherMap.h */,
				797F65A01703642E00D01C5B /* OpenWeatherMap.m */,
				797F65A11703642E00D01C5B /* Station.h */,
				797F65A21703642E00D01C5B /* Station.m */,
				797F65A31703642E00D01C5B /* Weather.h */,
				797F65A41703642E00D01C5B /* Weather.m */,
				796F61B91700DBCA0049576F /* MotionViewController.h */,
				796F61BA1700DBCA0049576F /* MotionViewController.m */,
				796F61BB1700DBCA0049576F /* MoveViewController.h */,
				796F61BC1700DBCA0049576F /* MoveViewController.m */,
				79A204E217006C2900E3F564 /* ShakeViewController.h */,
				79A204E317006C2900E3F564 /* ShakeViewController.m */,
				79A204C8170047C200E3F564 /* NSObject+PropertyListing.h */,
				79A204C9170047C200E3F564 /* NSObject+PropertyListing.m */,
				79A204A21700136000E3F564 /* NSUserDefaults+MPSecureUserDefaults.h */,
				79A204A31700136000E3F564 /* NSUserDefaults+MPSecureUserDefaults.m */,
				79EDDA4416FF208300DFF0F3 /* module-Prefix.pch */,
				79EDDA4516FF208300DFF0F3 /* module.h */,
				79EDDA4616FF208300DFF0F3 /* module.m */,
			);
			name = module;
			path = ../module/module;
			sourceTree = "<group>";
		};
/* End PBXGroup section */

/* Begin PBXNativeTarget section */
		79693FE116FDFA6300302DFA /* lifebaby */ = {
			isa = PBXNativeTarget;
			buildConfigurationList = 7969400916FDFA6300302DFA /* Build configuration list for PBXNativeTarget "lifebaby" */;
			buildPhases = (
				79693FDE16FDFA6300302DFA /* Sources */,
				79693FDF16FDFA6300302DFA /* Frameworks */,
				79693FE016FDFA6300302DFA /* Resources */,
			);
			buildRules = (
			);
			dependencies = (
			);
			name = lifebaby;
			productName = lifebaby;
			productReference = 79693FE216FDFA6300302DFA /* lifebaby.app */;
			productType = "com.apple.product-type.application";
		};
/* End PBXNativeTarget section */

/* Begin PBXProject section */
		79693FD916FDFA6300302DFA /* Project object */ = {
			isa = PBXProject;
			attributes = {
				LastUpgradeCheck = 0450;
				ORGANIZATIONNAME = lifebaby;
			};
			buildConfigurationList = 79693FDC16FDFA6300302DFA /* Build configuration list for PBXProject "lifebaby" */;
			compatibilityVersion = "Xcode 3.2";
			developmentRegion = English;
			hasScannedForEncodings = 0;
			knownRegions = (
				en,
			);
			mainGroup = 79693FD716FDFA6300302DFA;
			productRefGroup = 79693FE316FDFA6300302DFA /* Products */;
			projectDirPath = "";
			projectRoot = "";
			targets = (
				79693FE116FDFA6300302DFA /* lifebaby */,
			);
		};
/* End PBXProject section */

/* Begin PBXResourcesBuildPhase section */
		79693FE016FDFA6300302DFA /* Resources */ = {
			isa = PBXResourcesBuildPhase;
			buildActionMask = 2147483647;
			files = (
				79693FF116FDFA6300302DFA /* InfoPlist.strings in Resources */,
				79693FF916FDFA6300302DFA /* Default.png in Resources */,
				79693FFB16FDFA6300302DFA /* Default@2x.png in Resources */,
				79693FFD16FDFA6300302DFA /* Default-568h@2x.png in Resources */,
				7969400016FDFA6300302DFA /* MainStoryboard_iPhone.storyboard in Resources */,
				7969400316FDFA6300302DFA /* MainStoryboard_iPad.storyboard in Resources */,
				79A204D017004F1400E3F564 /* Defaults.plist in Resources */,
				798269281703EE2B00A6268E /* diet.png in Resources */,
			);
			runOnlyForDeploymentPostprocessing = 0;
		};
/* End PBXResourcesBuildPhase section */

/* Begin PBXSourcesBuildPhase section */
		79693FDE16FDFA6300302DFA /* Sources */ = {
			isa = PBXSourcesBuildPhase;
			buildActionMask = 2147483647;
			files = (
				79693FF316FDFA6300302DFA /* main.m in Sources */,
				79693FF716FDFA6300302DFA /* AppDelegate.m in Sources */,
				7969400616FDFA6300302DFA /* ViewController.m in Sources */,
				7969400F16FE006200302DFA /* Role.m in Sources */,
				7998C08E16FED27600411669 /* HandViewController.m in Sources */,
				79EDDA4916FF208300DFF0F3 /* module.m in Sources */,
				79EDDA6316FF45A200DFF0F3 /* DrinkViewController.m in Sources */,
				79A204A41700136000E3F564 /* NSUserDefaults+MPSecureUserDefaults.m in Sources */,
				79A204CA170047C200E3F564 /* NSObject+PropertyListing.m in Sources */,
				79A204E417006C2900E3F564 /* ShakeViewController.m in Sources */,
				796F61BD1700DBCA0049576F /* MotionViewController.m in Sources */,
				796F61BE1700DBCA0049576F /* MoveViewController.m in Sources */,
				79E1BC801701B70100FD8CC1 /* RunViewController.m in Sources */,
				797F65A51703642E00D01C5B /* Http.m in Sources */,
				797F65A61703642E00D01C5B /* JSONKit.m in Sources */,
				797F65A71703642E00D01C5B /* OpenWeatherMap.m in Sources */,
				797F65A81703642E00D01C5B /* Station.m in Sources */,
				797F65A91703642E00D01C5B /* Weather.m in Sources */,
				797F65AD1703689500D01C5B /* RoleViewController.m in Sources */,
				798269231703EB0800A6268E /* BaseItem.m in Sources */,
				7982692C1703FBD200A6268E /* WaterItem.m in Sources */,
				7982694317042A6200A6268E /* RegularItem.m in Sources */,
				798269491704364000A6268E /* RoleInfoView.m in Sources */,
				7982698B170498B900A6268E /* DrinkItem.m in Sources */,
				7982698F17049AA000A6268E /* FoodItem.m in Sources */,
			);
			runOnlyForDeploymentPostprocessing = 0;
		};
/* End PBXSourcesBuildPhase section */

/* Begin PBXVariantGroup section */
		79693FEF16FDFA6300302DFA /* InfoPlist.strings */ = {
			isa = PBXVariantGroup;
			children = (
				79693FF016FDFA6300302DFA /* en */,
			);
			name = InfoPlist.strings;
			sourceTree = "<group>";
		};
		79693FFE16FDFA6300302DFA /* MainStoryboard_iPhone.storyboard */ = {
			isa = PBXVariantGroup;
			children = (
				79693FFF16FDFA6300302DFA /* en */,
			);
			name = MainStoryboard_iPhone.storyboard;
			sourceTree = "<group>";
		};
		7969400116FDFA6300302DFA /* MainStoryboard_iPad.storyboard */ = {
			isa = PBXVariantGroup;
			children = (
				7969400216FDFA6300302DFA /* en */,
			);
			name = MainStoryboard_iPad.storyboard;
			sourceTree = "<group>";
		};
/* End PBXVariantGroup section */

/* Begin XCBuildConfiguration section */
		7969400716FDFA6300302DFA /* Debug */ = {
			isa = XCBuildConfiguration;
			buildSettings = {
				ALWAYS_SEARCH_USER_PATHS = NO;
				CLANG_CXX_LANGUAGE_STANDARD = "gnu++0x";
				CLANG_CXX_LIBRARY = "libc++";
				CLANG_ENABLE_OBJC_ARC = YES;
				CLANG_WARN_EMPTY_BODY = YES;
				CLANG_WARN__DUPLICATE_METHOD_MATCH = YES;
				"CODE_SIGN_IDENTITY[sdk=iphoneos*]" = "iPhone Developer";
				COPY_PHASE_STRIP = NO;
				GCC_C_LANGUAGE_STANDARD = gnu99;
				GCC_DYNAMIC_NO_PIC = NO;
				GCC_OPTIMIZATION_LEVEL = 0;
				GCC_PREPROCESSOR_DEFINITIONS = (
					"DEBUG=1",
					"$(inherited)",
				);
				GCC_SYMBOLS_PRIVATE_EXTERN = NO;
				GCC_WARN_ABOUT_RETURN_TYPE = YES;
				GCC_WARN_UNINITIALIZED_AUTOS = YES;
				GCC_WARN_UNUSED_VARIABLE = YES;
				IPHONEOS_DEPLOYMENT_TARGET = 5.0;
				SDKROOT = iphoneos;
				TARGETED_DEVICE_FAMILY = "1,2";
			};
			name = Debug;
		};
		7969400816FDFA6300302DFA /* Release */ = {
			isa = XCBuildConfiguration;
			buildSettings = {
				ALWAYS_SEARCH_USER_PATHS = NO;
				CLANG_CXX_LANGUAGE_STANDARD = "gnu++0x";
				CLANG_CXX_LIBRARY = "libc++";
				CLANG_ENABLE_OBJC_ARC = YES;
				CLANG_WARN_EMPTY_BODY = YES;
				CLANG_WARN__DUPLICATE_METHOD_MATCH = YES;
				"CODE_SIGN_IDENTITY[sdk=iphoneos*]" = "iPhone Developer";
				COPY_PHASE_STRIP = YES;
				GCC_C_LANGUAGE_STANDARD = gnu99;
				GCC_WARN_ABOUT_RETURN_TYPE = YES;
				GCC_WARN_UNINITIALIZED_AUTOS = YES;
				GCC_WARN_UNUSED_VARIABLE = YES;
				IPHONEOS_DEPLOYMENT_TARGET = 5.0;
				OTHER_CFLAGS = "-DNS_BLOCK_ASSERTIONS=1";
				SDKROOT = iphoneos;
				TARGETED_DEVICE_FAMILY = "1,2";
				VALIDATE_PRODUCT = YES;
			};
			name = Release;
		};
		7969400A16FDFA6300302DFA /* Debug */ = {
			isa = XCBuildConfiguration;
			buildSettings = {
				GCC_PRECOMPILE_PREFIX_HEADER = YES;
				GCC_PREFIX_HEADER = "lifebaby/lifebaby-Prefix.pch";
				INFOPLIST_FILE = "lifebaby/lifebaby-Info.plist";
				PRODUCT_NAME = "$(TARGET_NAME)";
				WRAPPER_EXTENSION = app;
			};
			name = Debug;
		};
		7969400B16FDFA6300302DFA /* Release */ = {
			isa = XCBuildConfiguration;
			buildSettings = {
				GCC_PRECOMPILE_PREFIX_HEADER = YES;
				GCC_PREFIX_HEADER = "lifebaby/lifebaby-Prefix.pch";
				INFOPLIST_FILE = "lifebaby/lifebaby-Info.plist";
				PRODUCT_NAME = "$(TARGET_NAME)";
				WRAPPER_EXTENSION = app;
			};
			name = Release;
		};
/* End XCBuildConfiguration section */

/* Begin XCConfigurationList section */
		79693FDC16FDFA6300302DFA /* Build configuration list for PBXProject "lifebaby" */ = {
			isa = XCConfigurationList;
			buildConfigurations = (
				7969400716FDFA6300302DFA /* Debug */,
				7969400816FDFA6300302DFA /* Release */,
			);
			defaultConfigurationIsVisible = 0;
			defaultConfigurationName = Release;
		};
		7969400916FDFA6300302DFA /* Build configuration list for PBXNativeTarget "lifebaby" */ = {
			isa = XCConfigurationList;
			buildConfigurations = (
				7969400A16FDFA6300302DFA /* Debug */,
				7969400B16FDFA6300302DFA /* Release */,
			);
			defaultConfigurationIsVisible = 0;
			defaultConfigurationName = Release;
		};
/* End XCConfigurationList section */
	};
	rootObject = 79693FD916FDFA6300302DFA /* Project object */;
}
